
Microsoft Visual Studio Solution File, Format Version 12.00
# Visual Studio 15
Project("{FAE04EC0-301F-11D3-BF4B-00C04F79EFBC}") = "Assembly-CSharp", "Assembly-CSharp.csproj", "{139209CB-BCD6-EF9B-6953-3BB3E4E5A923}"
EndProject
Project("{FAE04EC0-301F-11D3-BF4B-00C04F79EFBC}") = "Assembly-CSharp-Editor", "Assembly-CSharp-Editor.csproj", "{5CD50176-867C-B3AB-C28C-A8C254316824}"
EndProject
Global
	GlobalSection(SolutionConfigurationPlatforms) = preSolution
		Debug|Any CPU = Debug|Any CPU
		Release|Any CPU = Release|Any CPU
	EndGlobalSection
	GlobalSection(ProjectConfigurationPlatforms) = postSolution
		{139209CB-BCD6-EF9B-6953-3BB3E4E5A923}.Debug|Any CPU.ActiveCfg = Debug|Any CPU
		{139209CB-BCD6-EF9B-6953-3BB3E4E5A923}.Debug|Any CPU.Build.0 = Debug|Any CPU
		{139209CB-BCD6-EF9B-6953-3BB3E4E5A923}.Release|Any CPU.ActiveCfg = Release|Any CPU
		{139209CB-BCD6-EF9B-6953-3BB3E4E5A923}.Release|Any CPU.Build.0 = Release|Any CPU
		{5CD50176-867C-B3AB-C28C-A8C254316824}.Debug|Any CPU.ActiveCfg = Debug|Any CPU
		{5CD50176-867C-B3AB-C28C-A8C254316824}.Debug|Any CPU.Build.0 = Debug|Any CPU
		{5CD50176-867C-B3AB-C28C-A8C254316824}.Release|Any CPU.ActiveCfg = Release|Any CPU
		{5CD50176-867C-B3AB-C28C-A8C254316824}.Release|Any CPU.Build.0 = Release|Any CPU
	EndGlobalSection
	GlobalSection(SolutionProperties) = preSolution
		HideSolutionNode = FALSE
	EndGlobalSection
	GlobalSection(MonoDevelopProperties) = preSolution
		StartupItem = Assembly-CSharp.csproj
	EndGlobalSection
EndGlobal
