
Microsoft Visual Studio Solution File, Format Version 12.00
# Visual Studio 15
Project("{FAE04EC0-301F-11D3-BF4B-00C04F79EFBC}") = "Assembly-CSharp", "Assembly-CSharp.csproj", "{75E25350-80EF-6F7D-08C0-B4A22DABCF45}"
EndProject
Project("{FAE04EC0-301F-11D3-BF4B-00C04F79EFBC}") = "Assembly-CSharp-Editor", "Assembly-CSharp-Editor.csproj", "{6368B116-C3D4-4337-FB0B-282383FDBCC4}"
EndProject
Global
	GlobalSection(SolutionConfigurationPlatforms) = preSolution
		Debug|Any CPU = Debug|Any CPU
		Release|Any CPU = Release|Any CPU
	EndGlobalSection
	GlobalSection(ProjectConfigurationPlatforms) = postSolution
		{75E25350-80EF-6F7D-08C0-B4A22DABCF45}.Debug|Any CPU.ActiveCfg = Debug|Any CPU
		{75E25350-80EF-6F7D-08C0-B4A22DABCF45}.Debug|Any CPU.Build.0 = Debug|Any CPU
		{75E25350-80EF-6F7D-08C0-B4A22DABCF45}.Release|Any CPU.ActiveCfg = Release|Any CPU
		{75E25350-80EF-6F7D-08C0-B4A22DABCF45}.Release|Any CPU.Build.0 = Release|Any CPU
		{6368B116-C3D4-4337-FB0B-282383FDBCC4}.Debug|Any CPU.ActiveCfg = Debug|Any CPU
		{6368B116-C3D4-4337-FB0B-282383FDBCC4}.Debug|Any CPU.Build.0 = Debug|Any CPU
		{6368B116-C3D4-4337-FB0B-282383FDBCC4}.Release|Any CPU.ActiveCfg = Release|Any CPU
		{6368B116-C3D4-4337-FB0B-282383FDBCC4}.Release|Any CPU.Build.0 = Release|Any CPU
	EndGlobalSection
	GlobalSection(SolutionProperties) = preSolution
		HideSolutionNode = FALSE
	EndGlobalSection
	GlobalSection(MonoDevelopProperties) = preSolution
		StartupItem = Assembly-CSharp.csproj
	EndGlobalSection
EndGlobal
